
Microsoft Visual Studio Solution File, Format Version 12.00
# Visual Studio Version 17
VisualStudioVersion = 17.5.33502.453
MinimumVisualStudioVersion = 10.0.40219.1
Project("{9A19103F-16F7-4668-BE54-9A1E7A4F7556}") = "lab_3_server", "lab_3_server.csproj", "{5CC297FB-F9B9-4197-A38B-4ADF27C24D0A}"
EndProject
Global
	GlobalSection(SolutionConfigurationPlatforms) = preSolution
		Debug|Any CPU = Debug|Any CPU
		Release|Any CPU = Release|Any CPU
	EndGlobalSection
	GlobalSection(ProjectConfigurationPlatforms) = postSolution
		{5CC297FB-F9B9-4197-A38B-4ADF27C24D0A}.Debug|Any CPU.ActiveCfg = Debug|Any CPU
		{5CC297FB-F9B9-4197-A38B-4ADF27C24D0A}.Debug|Any CPU.Build.0 = Debug|Any CPU
		{5CC297FB-F9B9-4197-A38B-4ADF27C24D0A}.Release|Any CPU.ActiveCfg = Release|Any CPU
		{5CC297FB-F9B9-4197-A38B-4ADF27C24D0A}.Release|Any CPU.Build.0 = Release|Any CPU
	EndGlobalSection
	GlobalSection(SolutionProperties) = preSolution
		HideSolutionNode = FALSE
	EndGlobalSection
	GlobalSection(ExtensibilityGlobals) = postSolution
		SolutionGuid = {6143D540-2F4E-429A-A31C-5CA1C6634A86}
	EndGlobalSection
EndGlobal
